apiVersion: kbld.k14s.io/v1alpha1
kind: Config
minimumRequiredVersion: 0.47.0
overrides:
- image: caddy
  newImage: index.docker.io/library/caddy@sha256:2adb640cdc0ce1d8870887c30af1e21edfb3cdfd8433431b2a15f40119a7d654
  preresolved: true
- image: pixelfed2wiki
  newImage: rg.nl-ams.scw.cloud/carlo-colombo/pixelfed2wiki@sha256:d07ce7d1e22c0ecb708ca577494d1595e9620f54e0464f8250b658e72a9cc576
  preresolved: true
- image: restic/restic
  newImage: index.docker.io/restic/restic@sha256:63e86f6726e2afcd49c882d2fc67ae483a38a1ffcb50cbf5f474bd11f5129217
  preresolved: true
- image: tiddlywiki
  newImage: rg.nl-ams.scw.cloud/carlo-colombo/tiddlywiki@sha256:b7efc01945732e3a23b4d8ee368105f2573b517e8e457cf37bfd18913b6d1ab9
  preresolved: true
